
Microsoft Visual Studio Solution File, Format Version 12.00
# Visual Studio Version 17
VisualStudioVersion = 17.8.34322.80
MinimumVisualStudioVersion = 10.0.40219.1
Project("{9A19103F-16F7-4668-BE54-9A1E7A4F7556}") = "BookstoreApp.API", "BookstoreApp.API\BookstoreApp.API.csproj", "{6AA525DF-9204-45C7-91B0-A8B4B474F138}"
EndProject
Project("{9A19103F-16F7-4668-BE54-9A1E7A4F7556}") = "BookstoreApp.Core", "BookstoreApp.Core\BookstoreApp.Core.csproj", "{5384F570-FAB0-40FD-A041-702EC22723F0}"
EndProject
Project("{9A19103F-16F7-4668-BE54-9A1E7A4F7556}") = "BookstoreApp.Application", "BookstoreApp.Application\BookstoreApp.Application.csproj", "{6B0E0AC9-2712-408E-8214-B3B69B9E7EF4}"
EndProject
Project("{9A19103F-16F7-4668-BE54-9A1E7A4F7556}") = "BookstoreApp.Infrastructure", "BookstoreApp.Infrastructure\BookstoreApp.Infrastructure.csproj", "{A4CC5423-D52A-43CC-84B2-5B1C6798C000}"
EndProject
Global
	GlobalSection(SolutionConfigurationPlatforms) = preSolution
		Debug|Any CPU = Debug|Any CPU
		Release|Any CPU = Release|Any CPU
	EndGlobalSection
	GlobalSection(ProjectConfigurationPlatforms) = postSolution
		{6AA525DF-9204-45C7-91B0-A8B4B474F138}.Debug|Any CPU.ActiveCfg = Debug|Any CPU
		{6AA525DF-9204-45C7-91B0-A8B4B474F138}.Debug|Any CPU.Build.0 = Debug|Any CPU
		{6AA525DF-9204-45C7-91B0-A8B4B474F138}.Release|Any CPU.ActiveCfg = Release|Any CPU
		{6AA525DF-9204-45C7-91B0-A8B4B474F138}.Release|Any CPU.Build.0 = Release|Any CPU
		{5384F570-FAB0-40FD-A041-702EC22723F0}.Debug|Any CPU.ActiveCfg = Debug|Any CPU
		{5384F570-FAB0-40FD-A041-702EC22723F0}.Debug|Any CPU.Build.0 = Debug|Any CPU
		{5384F570-FAB0-40FD-A041-702EC22723F0}.Release|Any CPU.ActiveCfg = Release|Any CPU
		{5384F570-FAB0-40FD-A041-702EC22723F0}.Release|Any CPU.Build.0 = Release|Any CPU
		{6B0E0AC9-2712-408E-8214-B3B69B9E7EF4}.Debug|Any CPU.ActiveCfg = Debug|Any CPU
		{6B0E0AC9-2712-408E-8214-B3B69B9E7EF4}.Debug|Any CPU.Build.0 = Debug|Any CPU
		{6B0E0AC9-2712-408E-8214-B3B69B9E7EF4}.Release|Any CPU.ActiveCfg = Release|Any CPU
		{6B0E0AC9-2712-408E-8214-B3B69B9E7EF4}.Release|Any CPU.Build.0 = Release|Any CPU
		{A4CC5423-D52A-43CC-84B2-5B1C6798C000}.Debug|Any CPU.ActiveCfg = Debug|Any CPU
		{A4CC5423-D52A-43CC-84B2-5B1C6798C000}.Debug|Any CPU.Build.0 = Debug|Any CPU
		{A4CC5423-D52A-43CC-84B2-5B1C6798C000}.Release|Any CPU.ActiveCfg = Release|Any CPU
		{A4CC5423-D52A-43CC-84B2-5B1C6798C000}.Release|Any CPU.Build.0 = Release|Any CPU
	EndGlobalSection
	GlobalSection(SolutionProperties) = preSolution
		HideSolutionNode = FALSE
	EndGlobalSection
	GlobalSection(ExtensibilityGlobals) = postSolution
		SolutionGuid = {9BA6A24E-32B2-48A7-A2FE-B55F228C7F0A}
	EndGlobalSection
EndGlobal
